
Microsoft Visual Studio Solution File, Format Version 12.00
# Visual Studio 15
VisualStudioVersion = 15.0.28307.572
MinimumVisualStudioVersion = 10.0.40219.1
Project("{E24C65DC-7377-472B-9ABA-BC803B73C61A}") = "Onlin Library Management system", ".", "{B37F67AB-4DC7-484E-92A6-456B4C1A6CD2}"
	ProjectSection(WebsiteProperties) = preProject
		TargetFrameworkMoniker = ".NETFramework,Version%3Dv4.0"
		Debug.AspNetCompiler.VirtualPath = "/localhost_55010"
		Debug.AspNetCompiler.PhysicalPath = "..\Onlin Library Management system\"
		Debug.AspNetCompiler.TargetPath = "PrecompiledWeb\localhost_55010\"
		Debug.AspNetCompiler.Updateable = "true"
		Debug.AspNetCompiler.ForceOverwrite = "true"
		Debug.AspNetCompiler.FixedNames = "false"
		Debug.AspNetCompiler.Debug = "True"
		Release.AspNetCompiler.VirtualPath = "/localhost_55010"
		Release.AspNetCompiler.PhysicalPath = "..\Onlin Library Management system\"
		Release.AspNetCompiler.TargetPath = "PrecompiledWeb\localhost_55010\"
		Release.AspNetCompiler.Updateable = "true"
		Release.AspNetCompiler.ForceOverwrite = "true"
		Release.AspNetCompiler.FixedNames = "false"
		Release.AspNetCompiler.Debug = "False"
		VWDPort = "55010"
		SlnRelativePath = "..\Onlin Library Management system\"
	EndProjectSection
EndProject
Global
	GlobalSection(SolutionConfigurationPlatforms) = preSolution
		Debug|Any CPU = Debug|Any CPU
		Debug|x64 = Debug|x64
	EndGlobalSection
	GlobalSection(ProjectConfigurationPlatforms) = postSolution
		{B37F67AB-4DC7-484E-92A6-456B4C1A6CD2}.Debug|Any CPU.ActiveCfg = Debug|Any CPU
		{B37F67AB-4DC7-484E-92A6-456B4C1A6CD2}.Debug|Any CPU.Build.0 = Debug|Any CPU
		{B37F67AB-4DC7-484E-92A6-456B4C1A6CD2}.Debug|x64.ActiveCfg = Debug|Any CPU
	EndGlobalSection
	GlobalSection(SolutionProperties) = preSolution
		HideSolutionNode = FALSE
	EndGlobalSection
	GlobalSection(ExtensibilityGlobals) = postSolution
		SolutionGuid = {21222BCF-E0BC-46FF-9237-D931FDD7CB23}
	EndGlobalSection
EndGlobal
